
Microsoft Visual Studio Solution File, Format Version 12.00
# Visual Studio Version 17
VisualStudioVersion = 17.0.31903.59
MinimumVisualStudioVersion = 10.0.40219.1
Project("{FAE04EC0-301F-11D3-BF4B-00C04F79EFBC}") = "AdventureWorksDevContainer", "src\AdventureWorksDevContainer\AdventureWorksDevContainer.csproj", "{D0C0F5FD-5AA3-45FA-9775-2382EB143810}"
EndProject
Project("{FAE04EC0-301F-11D3-BF4B-00C04F79EFBC}") = "AdventureWorksDevContainer.Data", "src\AdventureWorksDevContainer.Data\AdventureWorksDevContainer.Data.csproj", "{B984AF04-92B2-4414-B6EF-74A69163E508}"
EndProject
Project("{FAE04EC0-301F-11D3-BF4B-00C04F79EFBC}") = "AdventureWorksDevContainer.Host", "src\AdventureWorksDevContainer.Host\AdventureWorksDevContainer.Host.csproj", "{51F5FD60-C6C0-465D-BD5A-502751ED4348}"
EndProject
Global
	GlobalSection(SolutionConfigurationPlatforms) = preSolution
		Debug|Any CPU = Debug|Any CPU
		Debug|x64 = Debug|x64
		Debug|x86 = Debug|x86
		Release|Any CPU = Release|Any CPU
		Release|x64 = Release|x64
		Release|x86 = Release|x86
	EndGlobalSection
	GlobalSection(ProjectConfigurationPlatforms) = postSolution
		{D0C0F5FD-5AA3-45FA-9775-2382EB143810}.Debug|Any CPU.ActiveCfg = Debug|Any CPU
		{D0C0F5FD-5AA3-45FA-9775-2382EB143810}.Debug|Any CPU.Build.0 = Debug|Any CPU
		{D0C0F5FD-5AA3-45FA-9775-2382EB143810}.Debug|x64.ActiveCfg = Debug|Any CPU
		{D0C0F5FD-5AA3-45FA-9775-2382EB143810}.Debug|x64.Build.0 = Debug|Any CPU
		{D0C0F5FD-5AA3-45FA-9775-2382EB143810}.Debug|x86.ActiveCfg = Debug|Any CPU
		{D0C0F5FD-5AA3-45FA-9775-2382EB143810}.Debug|x86.Build.0 = Debug|Any CPU
		{D0C0F5FD-5AA3-45FA-9775-2382EB143810}.Release|Any CPU.ActiveCfg = Release|Any CPU
		{D0C0F5FD-5AA3-45FA-9775-2382EB143810}.Release|Any CPU.Build.0 = Release|Any CPU
		{D0C0F5FD-5AA3-45FA-9775-2382EB143810}.Release|x64.ActiveCfg = Release|Any CPU
		{D0C0F5FD-5AA3-45FA-9775-2382EB143810}.Release|x64.Build.0 = Release|Any CPU
		{D0C0F5FD-5AA3-45FA-9775-2382EB143810}.Release|x86.ActiveCfg = Release|Any CPU
		{D0C0F5FD-5AA3-45FA-9775-2382EB143810}.Release|x86.Build.0 = Release|Any CPU
		{B984AF04-92B2-4414-B6EF-74A69163E508}.Debug|Any CPU.ActiveCfg = Debug|Any CPU
		{B984AF04-92B2-4414-B6EF-74A69163E508}.Debug|Any CPU.Build.0 = Debug|Any CPU
		{B984AF04-92B2-4414-B6EF-74A69163E508}.Debug|x64.ActiveCfg = Debug|Any CPU
		{B984AF04-92B2-4414-B6EF-74A69163E508}.Debug|x64.Build.0 = Debug|Any CPU
		{B984AF04-92B2-4414-B6EF-74A69163E508}.Debug|x86.ActiveCfg = Debug|Any CPU
		{B984AF04-92B2-4414-B6EF-74A69163E508}.Debug|x86.Build.0 = Debug|Any CPU
		{B984AF04-92B2-4414-B6EF-74A69163E508}.Release|Any CPU.ActiveCfg = Release|Any CPU
		{B984AF04-92B2-4414-B6EF-74A69163E508}.Release|Any CPU.Build.0 = Release|Any CPU
		{B984AF04-92B2-4414-B6EF-74A69163E508}.Release|x64.ActiveCfg = Release|Any CPU
		{B984AF04-92B2-4414-B6EF-74A69163E508}.Release|x64.Build.0 = Release|Any CPU
		{B984AF04-92B2-4414-B6EF-74A69163E508}.Release|x86.ActiveCfg = Release|Any CPU
		{B984AF04-92B2-4414-B6EF-74A69163E508}.Release|x86.Build.0 = Release|Any CPU
		{51F5FD60-C6C0-465D-BD5A-502751ED4348}.Debug|Any CPU.ActiveCfg = Debug|Any CPU
		{51F5FD60-C6C0-465D-BD5A-502751ED4348}.Debug|Any CPU.Build.0 = Debug|Any CPU
		{51F5FD60-C6C0-465D-BD5A-502751ED4348}.Debug|x64.ActiveCfg = Debug|Any CPU
		{51F5FD60-C6C0-465D-BD5A-502751ED4348}.Debug|x64.Build.0 = Debug|Any CPU
		{51F5FD60-C6C0-465D-BD5A-502751ED4348}.Debug|x86.ActiveCfg = Debug|Any CPU
		{51F5FD60-C6C0-465D-BD5A-502751ED4348}.Debug|x86.Build.0 = Debug|Any CPU
		{51F5FD60-C6C0-465D-BD5A-502751ED4348}.Release|Any CPU.ActiveCfg = Release|Any CPU
		{51F5FD60-C6C0-465D-BD5A-502751ED4348}.Release|Any CPU.Build.0 = Release|Any CPU
		{51F5FD60-C6C0-465D-BD5A-502751ED4348}.Release|x64.ActiveCfg = Release|Any CPU
		{51F5FD60-C6C0-465D-BD5A-502751ED4348}.Release|x64.Build.0 = Release|Any CPU
		{51F5FD60-C6C0-465D-BD5A-502751ED4348}.Release|x86.ActiveCfg = Release|Any CPU
		{51F5FD60-C6C0-465D-BD5A-502751ED4348}.Release|x86.Build.0 = Release|Any CPU
	EndGlobalSection
	GlobalSection(SolutionProperties) = preSolution
		HideSolutionNode = FALSE
	EndGlobalSection
EndGlobal
